
Microsoft Visual Studio Solution File, Format Version 12.00
# Visual Studio Version 16
VisualStudioVersion = 16.0.30011.22
MinimumVisualStudioVersion = 10.0.40219.1
Project("{FAE04EC0-301F-11D3-BF4B-00C04F79EFBC}") = "Combobox", "Combobox\Combobox.csproj", "{A6A20956-E9A2-4C53-ADF4-A7DB631289CB}"
EndProject
Global
	GlobalSection(SolutionConfigurationPlatforms) = preSolution
		Debug|Any CPU = Debug|Any CPU
		Release|Any CPU = Release|Any CPU
	EndGlobalSection
	GlobalSection(ProjectConfigurationPlatforms) = postSolution
		{A6A20956-E9A2-4C53-ADF4-A7DB631289CB}.Debug|Any CPU.ActiveCfg = Debug|Any CPU
		{A6A20956-E9A2-4C53-ADF4-A7DB631289CB}.Debug|Any CPU.Build.0 = Debug|Any CPU
		{A6A20956-E9A2-4C53-ADF4-A7DB631289CB}.Release|Any CPU.ActiveCfg = Release|Any CPU
		{A6A20956-E9A2-4C53-ADF4-A7DB631289CB}.Release|Any CPU.Build.0 = Release|Any CPU
	EndGlobalSection
	GlobalSection(SolutionProperties) = preSolution
		HideSolutionNode = FALSE
	EndGlobalSection
	GlobalSection(ExtensibilityGlobals) = postSolution
		SolutionGuid = {F6C7FF3B-A482-4B9F-A615-FC94A12D5163}
	EndGlobalSection
EndGlobal
